
Microsoft Visual Studio Solution File, Format Version 12.00
# Visual Studio Version 17
VisualStudioVersion = 17.8.34322.80
MinimumVisualStudioVersion = 10.0.40219.1
Project("{FAE04EC0-301F-11D3-BF4B-00C04F79EFBC}") = "OnlineBookShop", "OnlineBookShop.csproj", "{DE661442-7E56-410E-9400-114A3DB6BECB}"
EndProject
Global
	GlobalSection(SolutionConfigurationPlatforms) = preSolution
		Debug|Any CPU = Debug|Any CPU
		Release|Any CPU = Release|Any CPU
	EndGlobalSection
	GlobalSection(ProjectConfigurationPlatforms) = postSolution
		{DE661442-7E56-410E-9400-114A3DB6BECB}.Debug|Any CPU.ActiveCfg = Debug|Any CPU
		{DE661442-7E56-410E-9400-114A3DB6BECB}.Debug|Any CPU.Build.0 = Debug|Any CPU
		{DE661442-7E56-410E-9400-114A3DB6BECB}.Release|Any CPU.ActiveCfg = Release|Any CPU
		{DE661442-7E56-410E-9400-114A3DB6BECB}.Release|Any CPU.Build.0 = Release|Any CPU
	EndGlobalSection
	GlobalSection(SolutionProperties) = preSolution
		HideSolutionNode = FALSE
	EndGlobalSection
	GlobalSection(ExtensibilityGlobals) = postSolution
		SolutionGuid = {ED9EDC28-A17D-4EF4-BD50-A3DF9563354D}
	EndGlobalSection
EndGlobal
